{
  "name": "expressify-mqtt",
  "version": "1.0.0",
  "lockfileVersion": 1,
  "requires": true,
  "dependencies": {
    "fastpriorityqueue": {
      "version": "0.4.0",
      "resolved": "https://registry.npmjs.org/fastpriorityqueue/-/fastpriorityqueue-0.4.0.tgz",
      "integrity": "sha512-Wj5SBFfFEDb316GvaLbmg8enQPsGnCRUvdQ2S4mEcepZVnOisVNz34mAG/z3Ls2tCwJm7KUGaO6cAN0iQnwEkg=="
    },
    "timed-cache": {
      "version": "1.1.0",
      "resolved": "https://registry.npmjs.org/timed-cache/-/timed-cache-1.1.0.tgz",
      "integrity": "sha1-HxQlzCbPrAApTecDEY4vCMBIBeI="
    }
  }
}
